<?xml version="1.0" encoding="utf-8"?>
<Project ToolsVersion="4.0" xmlns="http://schemas.microsoft.com/developer/msbuild/2003">
  <ItemGroup>
    <Filter Include="Source Files">
      <UniqueIdentifier>{4FC737F1-C7A5-4376-A066-2A32D752A2FF}</UniqueIdentifier>
      <Extensions>cpp;c;cc;cxx;c++;cppm;ixx;def;odl;idl;hpj;bat;asm;asmx</Extensions>
    </Filter>
    <Filter Include="Header Files">
      <UniqueIdentifier>{93995380-89BD-4b04-88EB-625FBE52EBFB}</UniqueIdentifier>
      <Extensions>h;hh;hpp;hxx;h++;hm;inl;inc;ipp;xsd</Extensions>
    </Filter>
    <Filter Include="Resource Files">
      <UniqueIdentifier>{67DA6AB6-F800-4c08-8B7A-83BB121AAD01}</UniqueIdentifier>
      <Extensions>rc;ico;cur;bmp;dlg;rc2;rct;bin;rgs;gif;jpg;jpeg;jpe;resx;tiff;tif;png;wav;mfcribbon-ms</Extensions>
    </Filter>
    <Filter Include="och_lib">
      <UniqueIdentifier>{4061dfd2-506d-485c-baf4-ee7e58b230ce}</UniqueIdentifier>
    </Filter>
  </ItemGroup>
  <ItemGroup>
    <ClCompile Include="main.cpp">
      <Filter>Source Files</Filter>
    </ClCompile>
    <ClCompile Include="..\..\och_lib\och_lib\och_fio.cpp">
      <Filter>och_lib</Filter>
    </ClCompile>
    <ClCompile Include="..\..\och_lib\och_lib\och_fmt.cpp">
      <Filter>och_lib</Filter>
    </ClCompile>
    <ClCompile Include="..\..\och_lib\och_lib\och_time.cpp">
      <Filter>och_lib</Filter>
    </ClCompile>
    <ClCompile Include="..\..\och_lib\och_lib\och_utf8.cpp">
      <Filter>och_lib</Filter>
    </ClCompile>
  </ItemGroup>
  <ItemGroup>
    <ClInclude Include="..\..\och_lib\och_lib\och_range.h">
      <Filter>och_lib</Filter>
    </ClInclude>
    <ClInclude Include="..\..\och_lib\och_lib\och_time.h">
      <Filter>och_lib</Filter>
    </ClInclude>
    <ClInclude Include="..\..\och_lib\och_lib\och_timer.h">
      <Filter>och_lib</Filter>
    </ClInclude>
    <ClInclude Include="..\..\och_lib\och_lib\och_type_union.h">
      <Filter>och_lib</Filter>
    </ClInclude>
    <ClInclude Include="..\..\och_lib\och_lib\och_utf8.h">
      <Filter>och_lib</Filter>
    </ClInclude>
    <ClInclude Include="..\..\och_lib\och_lib\och_constexpr_util.h">
      <Filter>och_lib</Filter>
    </ClInclude>
    <ClInclude Include="..\..\och_lib\och_lib\och_debug.h">
      <Filter>och_lib</Filter>
    </ClInclude>
    <ClInclude Include="..\..\och_lib\och_lib\och_fio.h">
      <Filter>och_lib</Filter>
    </ClInclude>
    <ClInclude Include="..\..\och_lib\och_lib\och_fmt.h">
      <Filter>och_lib</Filter>
    </ClInclude>
  </ItemGroup>
</Project>